{
  "version": 1,
  "dependencies": {
    "net10.0": {
      "Ardalis.Result": {
        "type": "Direct",
        "requested": "[10.1.0, )",
        "resolved": "10.1.0",
        "contentHash": "+WgsXh+JRm0d8BZPlBUc5w0+FTda4vbWRa/IF2q4zDoRsU5BXr8w4rTbYEklZIMNgQQZTcNouR/QfBV5I/4XYQ=="
      },
      "BCrypt.Net-Next": {
        "type": "Direct",
        "requested": "[4.1.0, )",
        "resolved": "4.1.0",
        "contentHash": "5YT3DKllmtkyW68PjURu/V1TOe4MKiByKwsRNVcfYE1S5KuFTeozdmKzyNzolKiQF391OXCaQtINvYT3j1ERzQ=="
      },
      "MailKit": {
        "type": "Direct",
        "requested": "[4.17.0, )",
        "resolved": "4.17.0",
        "contentHash": "1nUAVLxM9fhT/78we6/AGsCesnpn5dRNLLeRqOfr52Wnk87pzVwo5YMTMyqnmoXrYc7piGhmayiMA/OgDluIjg==",
        "dependencies": {
          "MimeKit": "4.17.0"
        }
      },
      "Microsoft.EntityFrameworkCore.Relational": {
        "type": "Direct",
        "requested": "[10.0.3, )",
        "resolved": "10.0.3",
        "contentHash": "Pmh60OK9neVr/M0FJwm9hlzm2bD4Kd65SID8E6SP5c90tExNgXwORrlEWl0oGU/ig9ifpNN4PSpIrnHNozlT5w==",
        "dependencies": {
          "Microsoft.EntityFrameworkCore": "10.0.3"
        }
      },
      "Microsoft.Extensions.Caching.StackExchangeRedis": {
        "type": "Direct",
        "requested": "[10.0.3, )",
        "resolved": "10.0.3",
        "contentHash": "DarGypNFuSCH6J6N/aMos3X+XuIGz0IvazZLoy8SXe8jKWuzdqvxyrop1CPzv/oYPLbQkt1twEoaWr7arLBe3w==",
        "dependencies": {
          "StackExchange.Redis": "2.7.27"
        }
      },
      "Microsoft.Extensions.Http.Resilience": {
        "type": "Direct",
        "requested": "[10.3.0, )",
        "resolved": "10.3.0",
        "contentHash": "P4+s/eUH3dZdn1HnivSL2dh6/Jb0ndLt2l88oQPZ9BYdyb4tSRAsnz4QkJHGfPA9lS/XblI5QYsxEdfkurPvIg==",
        "dependencies": {
          "Microsoft.Extensions.Http.Diagnostics": "10.3.0",
          "Microsoft.Extensions.Resilience": "10.3.0"
        }
      },
      "Microsoft.IdentityModel.JsonWebTokens": {
        "type": "Direct",
        "requested": "[8.16.0, )",
        "resolved": "8.16.0",
        "contentHash": "prBU72cIP4V8E9fhN+o/YdskTsLeIcnKPbhZf0X6mD7fdxoZqnS/NdEkSr+9Zp+2q7OZBOMfNBKGbTbhXODO4w==",
        "dependencies": {
          "Microsoft.IdentityModel.Tokens": "8.16.0"
        }
      },
      "Microsoft.IdentityModel.Tokens": {
        "type": "Direct",
        "requested": "[8.16.0, )",
        "resolved": "8.16.0",
        "contentHash": "rtViGJcGsN7WcfUNErwNeQgjuU5cJNl6FDQsfi9TncwO+Epzn0FTfBsg3YuFW1Q0Ch/KPxaVdjLw3/+5Z5ceFQ==",
        "dependencies": {
          "Microsoft.IdentityModel.Logging": "8.16.0"
        }
      },
      "Microsoft.NET.StringTools": {
        "type": "Direct",
        "requested": "[18.3.3, )",
        "resolved": "18.3.3",
        "contentHash": "y1qPJA/B7i+IGpS9yCBw64kOaDIC5x1pGIqKdcKfasj7kwRIWxbAoPCxRWLlP2p0ovLgLXae46KCEf3F+oMGyA=="
      },
      "Minio": {
        "type": "Direct",
        "requested": "[7.0.0, )",
        "resolved": "7.0.0",
        "contentHash": "GiCD0koYBM8/VCXRkrfSzOtySEmrA2ngceJuxRO5H+/uGodiTX+XPaUHQq9/1DpaeBxWnkmrgqu52dwuZqIYgw==",
        "dependencies": {
          "CommunityToolkit.HighPerformance": "8.4.0",
          "System.IO.Hashing": "9.0.4",
          "System.Reactive": "6.0.1"
        }
      },
      "Npgsql": {
        "type": "Direct",
        "requested": "[10.0.1, )",
        "resolved": "10.0.1",
        "contentHash": "XyUcxEfqlFomhNTG/ZdGlec+uSOQArKz0Mzz8jYKP/Jj9GM2YabU5CVZtp0yiC4f9hRp+tRZTnHMatJeJ3rwgw=="
      },
      "Npgsql.EntityFrameworkCore.PostgreSQL": {
        "type": "Direct",
        "requested": "[10.0.0, )",
        "resolved": "10.0.0",
        "contentHash": "E2+uSWxSB8LdsUVwPaqRWOcGOP92biry2JEwc0KJMdLJF+aZdczeIdEXVwEyv4nSVMQJH0o8tLhyAMiR6VF0lw==",
        "dependencies": {
          "Microsoft.EntityFrameworkCore": "[10.0.0, 11.0.0)",
          "Microsoft.EntityFrameworkCore.Relational": "[10.0.0, 11.0.0)",
          "Npgsql": "10.0.0"
        }
      },
      "Pgvector.EntityFrameworkCore": {
        "type": "Direct",
        "requested": "[0.3.0, )",
        "resolved": "0.3.0",
        "contentHash": "HVMcglKLOg979w67k8DOvKO+xJvfBHv/GcAgv/fI8alK8zp9oIYJUYP9BSV6n6+3GwkfynAJ77euwow4/c7HoA==",
        "dependencies": {
          "Npgsql.EntityFrameworkCore.PostgreSQL": "9.0.1",
          "Pgvector": "0.3.2"
        }
      },
      "Polly": {
        "type": "Direct",
        "requested": "[8.6.5, )",
        "resolved": "8.6.5",
        "contentHash": "VqtW2ZE/ALvQMAH1cQY3qZ2cF2OXa3oe/HKMdOv6Q02HCoEW0rsFNfcBONXlHBe1TnjWW1vdRxBEkPeq0/2FHA==",
        "dependencies": {
          "Polly.Core": "8.6.5"
        }
      },
      "Polly.Core": {
        "type": "Direct",
        "requested": "[8.6.5, )",
        "resolved": "8.6.5",
        "contentHash": "t+sUVrIwvo7UmsgHGgOG9F0GDZSRIm47u2ylH17Gvcv1q5hNEwgD5GoBlFyc0kh/pebmPyrAgvGsR/65ZBaXlg=="
      },
      "SharpCompress": {
        "type": "Direct",
        "requested": "[0.50.0, )",
        "resolved": "0.50.0",
        "contentHash": "EzoWIzA31rb/kADwHkcmdT1rzqnT91kR/Df8X/gqd3qvXhgMbCzyKIWH6M3LTDwPIr0uLoXfX9fvThidXHBdyQ=="
      },
      "StackExchange.Redis": {
        "type": "Direct",
        "requested": "[2.11.8, )",
        "resolved": "2.11.8",
        "contentHash": "25UL0tkhQo3ATT+DAu9OyaPhyWRvJIYcID/iNM8gNWqapJCX4dB/Q2RBBHjv6rQ1utp92pUoxgtZdX25ZNLC6Q==",
        "dependencies": {
          "Pipelines.Sockets.Unofficial": "2.2.8",
          "System.IO.Hashing": "10.0.2"
        }
      },
      "Stripe.net": {
        "type": "Direct",
        "requested": "[50.4.0, )",
        "resolved": "50.4.0",
        "contentHash": "XwtYXLX4tlMLkVS3ghph7eFtZOi6ORguRPm+ZCn1lKclJjvkdQoV+K9cFS4t7o3KyBnMFp9SiQmEcesxDDc+Gg==",
        "dependencies": {
          "Newtonsoft.Json": "13.0.3",
          "System.Configuration.ConfigurationManager": "9.0.0"
        }
      },
      "BouncyCastle.Cryptography": {
        "type": "Transitive",
        "resolved": "2.6.2",
        "contentHash": "7oWOcvnntmMKNzDLsdxAYqApt+AjpRpP2CShjMfIa3umZ42UQMvH0tl1qAliYPNYO6vTdcGMqnRrCPmsfzTI1w=="
      },
      "CommunityToolkit.HighPerformance": {
        "type": "Transitive",
        "resolved": "8.4.0",
        "contentHash": "flxspiBs0G/0GMp7IK2J2ijV9bTG6hEwFc/z6ekHqB6nwRJ4Ry2yLdx+TkbCUYFCl4XhABkAwomeKbT6zM2Zlg=="
      },
      "Microsoft.EntityFrameworkCore": {
        "type": "Transitive",
        "resolved": "10.0.3",
        "contentHash": "CDEImwD4A7BseABJMCpLZnhfFjmPY/bHwhhS70elc6gLI/bYUEOhxWt7PmaNGYGhIEzOnStlCy5QcVb+8dod5Q==",
        "dependencies": {
          "Microsoft.EntityFrameworkCore.Abstractions": "10.0.3",
          "Microsoft.EntityFrameworkCore.Analyzers": "10.0.3"
        }
      },
      "Microsoft.EntityFrameworkCore.Abstractions": {
        "type": "Transitive",
        "resolved": "10.0.3",
        "contentHash": "c7Uoz381xnMHNBRB8eHRhGgzUtXbgddlbODhwZRrTSzZWDharp3RkJsFwhxyESbeXhCqmML7VdvjMQ7uu+HreA=="
      },
      "Microsoft.EntityFrameworkCore.Analyzers": {
        "type": "Transitive",
        "resolved": "10.0.3",
        "contentHash": "lVABgJTyTUNE7Bi0bSu4dWHiCHIXEGzTh/kLh0N07IgU/tIKwTeBPp8tgV4x2iKj4h7iPLo8oXzyHmLDGtAE1g=="
      },
      "Microsoft.Extensions.AmbientMetadata.Application": {
        "type": "Transitive",
        "resolved": "10.3.0",
        "contentHash": "Oh/FQJrTZqiqZuFktqDCwLFgxIUnNATZx46AwUTf5A/+FmK/TzPf/iwSqMK85QlioLD9ehOxWe0NBfsCSkp5pw=="
      },
      "Microsoft.Extensions.Compliance.Abstractions": {
        "type": "Transitive",
        "resolved": "10.3.0",
        "contentHash": "b3gmxtyX0n8bQFuZ679f8QiOWqjeZKFc6XXPUsYNFzMcWi0Q44Ej3pB41N/QQ0maX380kmOMF36bLSBHNThXAg=="
      },
      "Microsoft.Extensions.DependencyInjection.AutoActivation": {
        "type": "Transitive",
        "resolved": "10.3.0",
        "contentHash": "g6/S5rhP1XNBqeDa9zKXri/uDKe6gjzSqGsocuySb1OdVm8fz/M9YcWTJsCw5RHF8xIb/B3NgsfBPQF9Emjk3Q=="
      },
      "Microsoft.Extensions.Diagnostics.ExceptionSummarization": {
        "type": "Transitive",
        "resolved": "10.3.0",
        "contentHash": "TZAZsAFThNQDqCnWaGxV/X7OPSA7b+kY7wNTPNvPvSWa0jcTbmGVyzIY/feF4OgyAUUdzSnnLW6ri2Q+4keM4A=="
      },
      "Microsoft.Extensions.Http.Diagnostics": {
        "type": "Transitive",
        "resolved": "10.3.0",
        "contentHash": "/xuNWNxI4WLVatiTvaqfLd5ijFhQ/qvE14bOyWxeEWmXJkjh/g2G/5TdzMfoe0afq16OdWLGbrD9gWHo178hbg==",
        "dependencies": {
          "Microsoft.Extensions.Telemetry": "10.3.0"
        }
      },
      "Microsoft.Extensions.Resilience": {
        "type": "Transitive",
        "resolved": "10.3.0",
        "contentHash": "xc0dZuPkBaVIdMlODDppmNY/dxE27wIQ46gTzStoFXO4/yVcOMKlPmtr9vTP4edyXBRizGxPtcAFmqxZ5gPTkQ==",
        "dependencies": {
          "Microsoft.Extensions.Diagnostics.ExceptionSummarization": "10.3.0",
          "Microsoft.Extensions.Telemetry.Abstractions": "10.3.0",
          "Polly.Extensions": "8.4.2",
          "Polly.RateLimiting": "8.4.2"
        }
      },
      "Microsoft.Extensions.Telemetry": {
        "type": "Transitive",
        "resolved": "10.3.0",
        "contentHash": "M1esrIGmwU2JBY0JpwdlUTXTNBXSBFEs+41bYBd59+9/vCaXw+vGhtYcCL+JXeGmxTLUHmuXcKbX/uVCSFcuzA==",
        "dependencies": {
          "Microsoft.Extensions.AmbientMetadata.Application": "10.3.0",
          "Microsoft.Extensions.DependencyInjection.AutoActivation": "10.3.0",
          "Microsoft.Extensions.Telemetry.Abstractions": "10.3.0"
        }
      },
      "Microsoft.Extensions.Telemetry.Abstractions": {
        "type": "Transitive",
        "resolved": "10.3.0",
        "contentHash": "aKxH6ZsGAewGF8uSXyx1WkjqItwZA+hd1hhQ/4i7o5injCWSdr9vIZ3R3djJfy8OG3xaWK+LZY/+slVvlnwEHw==",
        "dependencies": {
          "Microsoft.Extensions.Compliance.Abstractions": "10.3.0"
        }
      },
      "Microsoft.IdentityModel.Abstractions": {
        "type": "Transitive",
        "resolved": "8.16.0",
        "contentHash": "gSxKLWRZzBpIsEoeUPkxfywNCCvRvl7hkq146XHPk5vOQc9izSf1I+uL1vh4y2U19QPxd9Z8K/8AdWyxYz2lSg=="
      },
      "Microsoft.IdentityModel.Logging": {
        "type": "Transitive",
        "resolved": "8.16.0",
        "contentHash": "MTzXmETkNQPACR7/XCXM1OGM6oU9RkyibqeJRtO9Ndew2LnGjMf9Atqj2VSf4XC27X0FQycUAlzxxEgQMWn2xQ==",
        "dependencies": {
          "Microsoft.IdentityModel.Abstractions": "8.16.0"
        }
      },
      "MimeKit": {
        "type": "Transitive",
        "resolved": "4.17.0",
        "contentHash": "h/KXsCreJf8RpR/PSAtlbvYtZFndp9N8Wn1Bs248AL7ITyhn+AiIY5bLTvt60tbN2mu6g8KadtBNWygTji2lqg==",
        "dependencies": {
          "BouncyCastle.Cryptography": "2.6.2",
          "System.Security.Cryptography.Pkcs": "10.0.0"
        }
      },
      "Newtonsoft.Json": {
        "type": "Transitive",
        "resolved": "13.0.3",
        "contentHash": "HrC5BXdl00IP9zeV+0Z848QWPAoCr9P3bDEZguI+gkLcBKAOxix/tLEAAHC+UvDNPv4a2d18lOReHMOagPa+zQ=="
      },
      "Pgvector": {
        "type": "Transitive",
        "resolved": "0.3.2",
        "contentHash": "n7M5LuNejHUmtWky3zCbNO+tP1Gnjiuv9Qtu4LyvB1602dD8RiBxxCQp9jEjM0ZFDxAZF1oOWkNIkXw46KT00Q==",
        "dependencies": {
          "Npgsql": "8.0.5"
        }
      },
      "Pipelines.Sockets.Unofficial": {
        "type": "Transitive",
        "resolved": "2.2.8",
        "contentHash": "zG2FApP5zxSx6OcdJQLbZDk2AVlN2BNQD6MorwIfV6gVj0RRxWPEp2LXAxqDGZqeNV1Zp0BNPcNaey/GXmTdvQ=="
      },
      "Polly.Extensions": {
        "type": "Transitive",
        "resolved": "8.4.2",
        "contentHash": "GZ9vRVmR0jV2JtZavt+pGUsQ1O1cuRKG7R7VOZI6ZDy9y6RNPvRvXK1tuS4ffUrv8L0FTea59oEuQzgS0R7zSA==",
        "dependencies": {
          "Polly.Core": "8.4.2"
        }
      },
      "Polly.RateLimiting": {
        "type": "Transitive",
        "resolved": "8.4.2",
        "contentHash": "ehTImQ/eUyO07VYW2WvwSmU9rRH200SKJ/3jku9rOkyWE0A2JxNFmAVms8dSn49QLSjmjFRRSgfNyOgr/2PSmA==",
        "dependencies": {
          "Polly.Core": "8.4.2"
        }
      },
      "System.Configuration.ConfigurationManager": {
        "type": "Transitive",
        "resolved": "9.0.0",
        "contentHash": "PdkuMrwDhXoKFo/JxISIi9E8L+QGn9Iquj2OKDWHB6Y/HnUOuBouF7uS3R4Hw3FoNmwwMo6hWgazQdyHIIs27A==",
        "dependencies": {
          "System.Security.Cryptography.ProtectedData": "9.0.0"
        }
      },
      "System.IO.Hashing": {
        "type": "Transitive",
        "resolved": "10.0.2",
        "contentHash": "AKJknIFi9O3+rGExxTry188JPvUoZAPcCtS2qdqyFhIzsxQ1Ap94BeGDG0VzVEHakhmRxmJtVih6TsHoghIt/g=="
      },
      "System.Reactive": {
        "type": "Transitive",
        "resolved": "6.0.1",
        "contentHash": "rHaWtKDwCi9qJ3ObKo8LHPMuuwv33YbmQi7TcUK1C264V3MFnOr5Im7QgCTdLniztP3GJyeiSg5x8NqYJFqRmg=="
      },
      "System.Security.Cryptography.Pkcs": {
        "type": "Transitive",
        "resolved": "10.0.0",
        "contentHash": "UPWqLSygJlFerRi9XNIuM0a1VC8gHUIufyP24xQ0sc+XimqUAEcjpOz9DhKpyDjH+5B/wO3RpC0KpkEeDj/ddg=="
      },
      "System.Security.Cryptography.ProtectedData": {
        "type": "Transitive",
        "resolved": "9.0.0",
        "contentHash": "CJW+x/F6fmRQ7N6K8paasTw9PDZp4t7G76UjGNlSDgoHPF0h08vTzLYbLZpOLEJSg35d5wy2jCXGo84EN05DpQ=="
      },
      "assetblock.domain": {
        "type": "Project"
      }
    }
  }
}