
Microsoft Visual Studio Solution File, Format Version 12.00
Project("{FAE04EC0-301F-11D3-BF4B-00C04F79EFBC}") = "AssetBlock.WebApi", "AssetBlock.WebApi\AssetBlock.WebApi.csproj", "{B6C53571-6605-4110-8DCE-77449179A3CB}"
EndProject
Project("{2150E333-8FDC-42A3-9474-1A3956D46DE8}") = "src", "src", "{EA38125F-60E5-46FC-B868-DD8111FB4C32}"
EndProject
Project("{2150E333-8FDC-42A3-9474-1A3956D46DE8}") = "tests", "tests", "{09AB8F91-CB85-4484-9C00-D22B1BFE6A62}"
EndProject
Project("{FAE04EC0-301F-11D3-BF4B-00C04F79EFBC}") = "AssetBlock.Domain", "AssetBlock.Domain\AssetBlock.Domain.csproj", "{194F6ADD-2105-4192-B7D7-73F6561D69CC}"
EndProject
Project("{FAE04EC0-301F-11D3-BF4B-00C04F79EFBC}") = "AssetBlock.Infrastructure", "AssetBlock.Infrastructure\AssetBlock.Infrastructure.csproj", "{DF4F40E7-8D0A-43F8-8C61-1B455D0D6EA3}"
EndProject
Project("{FAE04EC0-301F-11D3-BF4B-00C04F79EFBC}") = "AssetBlock.Application", "AssetBlock.Application\AssetBlock.Application.csproj", "{E67EFCC3-3855-4272-8ACE-A2FB493E62BB}"
EndProject
Project("{FAE04EC0-301F-11D3-BF4B-00C04F79EFBC}") = "AssetBlock.Application.Tests", "AssetBlock.Application.Tests\AssetBlock.Application.Tests.csproj", "{1C3E4A7E-1338-4130-9289-455F50354289}"
EndProject
Project("{FAE04EC0-301F-11D3-BF4B-00C04F79EFBC}") = "AssetBlock.Infrastructure.Tests", "AssetBlock.Infrastructure.Tests\AssetBlock.Infrastructure.Tests.csproj", "{18BD3F7F-4228-4F06-B368-B8DCE1AA82B9}"
EndProject
Global
	GlobalSection(SolutionConfigurationPlatforms) = preSolution
		Debug|Any CPU = Debug|Any CPU
		Release|Any CPU = Release|Any CPU
	EndGlobalSection
	GlobalSection(ProjectConfigurationPlatforms) = postSolution
		{B6C53571-6605-4110-8DCE-77449179A3CB}.Debug|Any CPU.ActiveCfg = Debug|Any CPU
		{B6C53571-6605-4110-8DCE-77449179A3CB}.Debug|Any CPU.Build.0 = Debug|Any CPU
		{B6C53571-6605-4110-8DCE-77449179A3CB}.Release|Any CPU.ActiveCfg = Release|Any CPU
		{B6C53571-6605-4110-8DCE-77449179A3CB}.Release|Any CPU.Build.0 = Release|Any CPU
		{194F6ADD-2105-4192-B7D7-73F6561D69CC}.Debug|Any CPU.ActiveCfg = Debug|Any CPU
		{194F6ADD-2105-4192-B7D7-73F6561D69CC}.Debug|Any CPU.Build.0 = Debug|Any CPU
		{194F6ADD-2105-4192-B7D7-73F6561D69CC}.Release|Any CPU.ActiveCfg = Release|Any CPU
		{194F6ADD-2105-4192-B7D7-73F6561D69CC}.Release|Any CPU.Build.0 = Release|Any CPU
		{DF4F40E7-8D0A-43F8-8C61-1B455D0D6EA3}.Debug|Any CPU.ActiveCfg = Debug|Any CPU
		{DF4F40E7-8D0A-43F8-8C61-1B455D0D6EA3}.Debug|Any CPU.Build.0 = Debug|Any CPU
		{DF4F40E7-8D0A-43F8-8C61-1B455D0D6EA3}.Release|Any CPU.ActiveCfg = Release|Any CPU
		{DF4F40E7-8D0A-43F8-8C61-1B455D0D6EA3}.Release|Any CPU.Build.0 = Release|Any CPU
		{E67EFCC3-3855-4272-8ACE-A2FB493E62BB}.Debug|Any CPU.ActiveCfg = Debug|Any CPU
		{E67EFCC3-3855-4272-8ACE-A2FB493E62BB}.Debug|Any CPU.Build.0 = Debug|Any CPU
		{E67EFCC3-3855-4272-8ACE-A2FB493E62BB}.Release|Any CPU.ActiveCfg = Release|Any CPU
		{E67EFCC3-3855-4272-8ACE-A2FB493E62BB}.Release|Any CPU.Build.0 = Release|Any CPU
		{1C3E4A7E-1338-4130-9289-455F50354289}.Debug|Any CPU.ActiveCfg = Debug|Any CPU
		{1C3E4A7E-1338-4130-9289-455F50354289}.Debug|Any CPU.Build.0 = Debug|Any CPU
		{1C3E4A7E-1338-4130-9289-455F50354289}.Release|Any CPU.ActiveCfg = Release|Any CPU
		{1C3E4A7E-1338-4130-9289-455F50354289}.Release|Any CPU.Build.0 = Release|Any CPU
		{18BD3F7F-4228-4F06-B368-B8DCE1AA82B9}.Debug|Any CPU.ActiveCfg = Debug|Any CPU
		{18BD3F7F-4228-4F06-B368-B8DCE1AA82B9}.Debug|Any CPU.Build.0 = Debug|Any CPU
		{18BD3F7F-4228-4F06-B368-B8DCE1AA82B9}.Release|Any CPU.ActiveCfg = Release|Any CPU
		{18BD3F7F-4228-4F06-B368-B8DCE1AA82B9}.Release|Any CPU.Build.0 = Release|Any CPU
	EndGlobalSection
	GlobalSection(NestedProjects) = preSolution
		{B6C53571-6605-4110-8DCE-77449179A3CB} = {EA38125F-60E5-46FC-B868-DD8111FB4C32}
		{194F6ADD-2105-4192-B7D7-73F6561D69CC} = {EA38125F-60E5-46FC-B868-DD8111FB4C32}
		{DF4F40E7-8D0A-43F8-8C61-1B455D0D6EA3} = {EA38125F-60E5-46FC-B868-DD8111FB4C32}
		{E67EFCC3-3855-4272-8ACE-A2FB493E62BB} = {EA38125F-60E5-46FC-B868-DD8111FB4C32}
		{1C3E4A7E-1338-4130-9289-455F50354289} = {09AB8F91-CB85-4484-9C00-D22B1BFE6A62}
		{18BD3F7F-4228-4F06-B368-B8DCE1AA82B9} = {09AB8F91-CB85-4484-9C00-D22B1BFE6A62}
	EndGlobalSection
EndGlobal
